# This file is automatically @generated by Cargo.
# It is not intended for manual editing.
version = 3

[[package]]
name = "dpc"
version = "0.1.0"
dependencies = [
 "jaro_winkler",
]

[[package]]
name = "jaro_winkler"
version = "0.1.0"
source = "registry+https://github.com/rust-lang/crates.io-index"
checksum = "966903d6b75c207539d45eef272e66e68542640adc142f15e9c9623f76f36b5f"
